{
  "requires": true,
  "lockfileVersion": 1,
  "dependencies": {
    "@types/exceljs": {
      "version": "0.5.3",
      "resolved": "https://registry.npmjs.org/@types/exceljs/-/exceljs-0.5.3.tgz",
      "integrity": "sha512-a0PLZEJGbA4kHHoSS8cQ20ynIv17vCBV1reqsrX5ksQQb077YYvhEKC82lEq6/+mMufhk68KJ5jwugL3DKG8sQ==",
      "dev": true,
      "requires": {
        "@types/node": "*"
      }
    },
    "@types/node": {
      "version": "12.6.1",
      "resolved": "https://registry.npmjs.org/@types/node/-/node-12.6.1.tgz",
      "integrity": "sha512-rp7La3m845mSESCgsJePNL/JQyhkOJA6G4vcwvVgkDAwHhGdq5GCumxmPjEk1MZf+8p5ZQAUE7tqgQRQTXN7uQ==",
      "dev": true
    }
  }
}
